
Microsoft Visual Studio Solution File, Format Version 12.00
# Visual Studio Version 17
VisualStudioVersion = 17.0.31903.59
MinimumVisualStudioVersion = 10.0.40219.1
Project("{9A19103F-16F7-4668-BE54-9A1E7A4F7556}") = "1_SUM_OF_BIGGEST_NEIGHBOR", "..\..\1_SUM_OF_BIGGEST_NEIGHBOR\1_SUM_OF_BIGGEST_NEIGHBOR.csproj", "{973BDF27-6122-4076-96EA-FA675DC2DEF5}"
EndProject
Project("{9A19103F-16F7-4668-BE54-9A1E7A4F7556}") = "2_USERCLASS", "..\..\2_USERCLASS\2_USERCLASS.csproj", "{1785EBF0-723A-4A8B-BFFE-B06B9C4DB80A}"
EndProject
Project("{9A19103F-16F7-4668-BE54-9A1E7A4F7556}") = "3_JOHN_THE_ROBOT", "..\..\3_JOHN_THE_ROBOT\3_JOHN_THE_ROBOT.csproj", "{028D9ECB-ED59-4BC4-80B6-34A3294DC878}"
EndProject
Project("{9A19103F-16F7-4668-BE54-9A1E7A4F7556}") = "4_ALEXA_SETTINGS", "..\..\4_ALEXA_SETTINGS\4_ALEXA_SETTINGS.csproj", "{F41102DA-49D9-488C-85C6-BA76805CA4C5}"
EndProject
Project("{9A19103F-16F7-4668-BE54-9A1E7A4F7556}") = "5_METHODSIGNATURE", "..\..\5_METHODSIGNATURE\5_METHODSIGNATURE.csproj", "{4993796A-E9F0-47F8-8F00-3EAD06690B98}"
EndProject
Project("{9A19103F-16F7-4668-BE54-9A1E7A4F7556}") = "6_CONSTRUCTION_GAME", "..\..\6_CONSTRUCTION_GAME\6_CONSTRUCTION_GAME.csproj", "{3D0353DC-327F-4402-AB8E-5264A6D5D1E4}"
EndProject
Project("{9A19103F-16F7-4668-BE54-9A1E7A4F7556}") = "7_ES6_IMPORTS", "..\..\7_ES6_IMPORTS\7_ES6_IMPORTS.csproj", "{B1DE85A9-FF23-4C6F-96F0-B2632EC044CA}"
EndProject
Project("{54A90642-561A-4BB1-A94E-469ADEE60C69}") = "8_TYPESCRIPTMASTERY", "..\..\8_TYPESCRIPTMASTERY\8_TYPESCRIPTMASTERY.esproj", "{5A78FFFC-D61B-4060-851C-3E112D08B936}"
EndProject
Global
	GlobalSection(SolutionConfigurationPlatforms) = preSolution
		Debug|Any CPU = Debug|Any CPU
		Release|Any CPU = Release|Any CPU
	EndGlobalSection
	GlobalSection(ProjectConfigurationPlatforms) = postSolution
		{973BDF27-6122-4076-96EA-FA675DC2DEF5}.Debug|Any CPU.ActiveCfg = Debug|Any CPU
		{973BDF27-6122-4076-96EA-FA675DC2DEF5}.Debug|Any CPU.Build.0 = Debug|Any CPU
		{973BDF27-6122-4076-96EA-FA675DC2DEF5}.Release|Any CPU.ActiveCfg = Release|Any CPU
		{973BDF27-6122-4076-96EA-FA675DC2DEF5}.Release|Any CPU.Build.0 = Release|Any CPU
		{1785EBF0-723A-4A8B-BFFE-B06B9C4DB80A}.Debug|Any CPU.ActiveCfg = Debug|Any CPU
		{1785EBF0-723A-4A8B-BFFE-B06B9C4DB80A}.Debug|Any CPU.Build.0 = Debug|Any CPU
		{1785EBF0-723A-4A8B-BFFE-B06B9C4DB80A}.Release|Any CPU.ActiveCfg = Release|Any CPU
		{1785EBF0-723A-4A8B-BFFE-B06B9C4DB80A}.Release|Any CPU.Build.0 = Release|Any CPU
		{028D9ECB-ED59-4BC4-80B6-34A3294DC878}.Debug|Any CPU.ActiveCfg = Debug|Any CPU
		{028D9ECB-ED59-4BC4-80B6-34A3294DC878}.Debug|Any CPU.Build.0 = Debug|Any CPU
		{028D9ECB-ED59-4BC4-80B6-34A3294DC878}.Release|Any CPU.ActiveCfg = Release|Any CPU
		{028D9ECB-ED59-4BC4-80B6-34A3294DC878}.Release|Any CPU.Build.0 = Release|Any CPU
		{F41102DA-49D9-488C-85C6-BA76805CA4C5}.Debug|Any CPU.ActiveCfg = Debug|Any CPU
		{F41102DA-49D9-488C-85C6-BA76805CA4C5}.Debug|Any CPU.Build.0 = Debug|Any CPU
		{F41102DA-49D9-488C-85C6-BA76805CA4C5}.Release|Any CPU.ActiveCfg = Release|Any CPU
		{F41102DA-49D9-488C-85C6-BA76805CA4C5}.Release|Any CPU.Build.0 = Release|Any CPU
		{4993796A-E9F0-47F8-8F00-3EAD06690B98}.Debug|Any CPU.ActiveCfg = Debug|Any CPU
		{4993796A-E9F0-47F8-8F00-3EAD06690B98}.Debug|Any CPU.Build.0 = Debug|Any CPU
		{4993796A-E9F0-47F8-8F00-3EAD06690B98}.Release|Any CPU.ActiveCfg = Release|Any CPU
		{4993796A-E9F0-47F8-8F00-3EAD06690B98}.Release|Any CPU.Build.0 = Release|Any CPU
		{3D0353DC-327F-4402-AB8E-5264A6D5D1E4}.Debug|Any CPU.ActiveCfg = Debug|Any CPU
		{3D0353DC-327F-4402-AB8E-5264A6D5D1E4}.Debug|Any CPU.Build.0 = Debug|Any CPU
		{3D0353DC-327F-4402-AB8E-5264A6D5D1E4}.Release|Any CPU.ActiveCfg = Release|Any CPU
		{3D0353DC-327F-4402-AB8E-5264A6D5D1E4}.Release|Any CPU.Build.0 = Release|Any CPU
		{B1DE85A9-FF23-4C6F-96F0-B2632EC044CA}.Debug|Any CPU.ActiveCfg = Debug|Any CPU
		{B1DE85A9-FF23-4C6F-96F0-B2632EC044CA}.Debug|Any CPU.Build.0 = Debug|Any CPU
		{B1DE85A9-FF23-4C6F-96F0-B2632EC044CA}.Release|Any CPU.ActiveCfg = Release|Any CPU
		{B1DE85A9-FF23-4C6F-96F0-B2632EC044CA}.Release|Any CPU.Build.0 = Release|Any CPU
		{5A78FFFC-D61B-4060-851C-3E112D08B936}.Debug|Any CPU.ActiveCfg = Debug|Any CPU
		{5A78FFFC-D61B-4060-851C-3E112D08B936}.Debug|Any CPU.Build.0 = Debug|Any CPU
		{5A78FFFC-D61B-4060-851C-3E112D08B936}.Debug|Any CPU.Deploy.0 = Debug|Any CPU
		{5A78FFFC-D61B-4060-851C-3E112D08B936}.Release|Any CPU.ActiveCfg = Release|Any CPU
		{5A78FFFC-D61B-4060-851C-3E112D08B936}.Release|Any CPU.Build.0 = Release|Any CPU
		{5A78FFFC-D61B-4060-851C-3E112D08B936}.Release|Any CPU.Deploy.0 = Release|Any CPU
	EndGlobalSection
	GlobalSection(SolutionProperties) = preSolution
		HideSolutionNode = FALSE
	EndGlobalSection
	GlobalSection(ExtensibilityGlobals) = postSolution
		SolutionGuid = {B962BCC2-831B-4AAA-AB6B-37F5B9D16145}
	EndGlobalSection
EndGlobal
